
Microsoft Visual Studio Solution File, Format Version 12.00
Project("{FAE04EC0-301F-11D3-BF4B-00C04F79EFBC}") = "ResumeTech.WebApp", "ResumeTech.WebApp\ResumeTech.WebApp.csproj", "{0C5B52A1-5ED4-4B7B-A3F1-AD9F9462A817}"
EndProject
Project("{FAE04EC0-301F-11D3-BF4B-00C04F79EFBC}") = "ResumeTech.Experiences", "ResumeTech.Experiences\ResumeTech.Experiences.csproj", "{E038A017-A072-4032-B7AF-11426B464835}"
EndProject
Project("{FAE04EC0-301F-11D3-BF4B-00C04F79EFBC}") = "ResumeTech.Common", "ResumeTech.Common\ResumeTech.Common.csproj", "{E9408788-45D3-4ACF-A3D0-1DD748C01E39}"
EndProject
Project("{FAE04EC0-301F-11D3-BF4B-00C04F79EFBC}") = "ResumeTech.Media", "ResumeTech.Media\ResumeTech.Media.csproj", "{13DDA12B-9760-4B36-8413-EEB6FC0A5F3F}"
EndProject
Project("{FAE04EC0-301F-11D3-BF4B-00C04F79EFBC}") = "ResumeTech.Identities", "ResumeTech.Identities\ResumeTech.Identities.csproj", "{8B875291-5D5C-46AF-9D99-6462B8AFA9F4}"
EndProject
Project("{FAE04EC0-301F-11D3-BF4B-00C04F79EFBC}") = "ResumeTech.Persistence.InMemory", "ResumeTech.Persistence.InMemory\ResumeTech.Persistence.InMemory.csproj", "{58FB4F5D-6FBD-4652-916B-80CA5A74176C}"
EndProject
Project("{FAE04EC0-301F-11D3-BF4B-00C04F79EFBC}") = "ResumeTech.Persistence.EntityFramework", "ResumeTech.Persistence.EntityFramework\ResumeTech.Persistence.EntityFramework.csproj", "{07B7EC83-E8DF-4CFE-8B0C-0EC6098201EA}"
EndProject
Project("{FAE04EC0-301F-11D3-BF4B-00C04F79EFBC}") = "ResumeTech.Identities.Duende", "ResumeTech.Identities.Duende\ResumeTech.Identities.Duende.csproj", "{C5E00F15-3EC2-4163-B411-22CC1519CF84}"
EndProject
Project("{FAE04EC0-301F-11D3-BF4B-00C04F79EFBC}") = "ResumeTech.Common.UnitTest", "ResumeTech.Common.UnitTest\ResumeTech.Common.UnitTest.csproj", "{4C290B67-AD20-4610-9AD5-DEE3A3C96599}"
EndProject
Project("{FAE04EC0-301F-11D3-BF4B-00C04F79EFBC}") = "ResumeTech.Organization", "ResumeTech.Organization\ResumeTech.Organization.csproj", "{5CF4871F-E580-49C1-979F-7BF472E853B0}"
EndProject
Project("{FAE04EC0-301F-11D3-BF4B-00C04F79EFBC}") = "ResumeTech.Experiences.UnitTest", "ResumeTech.Experiences.UnitTest\ResumeTech.Experiences.UnitTest.csproj", "{1B115B83-70AD-4EB6-82C9-E8AF37225ABB}"
EndProject
Project("{FAE04EC0-301F-11D3-BF4B-00C04F79EFBC}") = "ResumeTech.TestUtil", "ResumeTech.TestUtil\ResumeTech.TestUtil.csproj", "{A2D4F8AA-CE25-422A-91D3-2C6E3E014A60}"
EndProject
Project("{FAE04EC0-301F-11D3-BF4B-00C04F79EFBC}") = "ResumeTech.Organization.UnitTest", "ResumeTech.Organization.UnitTest\ResumeTech.Organization.UnitTest.csproj", "{0A6309BC-547D-4AD7-9B77-282719D9DA9A}"
EndProject
Global
	GlobalSection(SolutionConfigurationPlatforms) = preSolution
		Debug|Any CPU = Debug|Any CPU
		Release|Any CPU = Release|Any CPU
	EndGlobalSection
	GlobalSection(ProjectConfigurationPlatforms) = postSolution
		{0C5B52A1-5ED4-4B7B-A3F1-AD9F9462A817}.Debug|Any CPU.ActiveCfg = Debug|Any CPU
		{0C5B52A1-5ED4-4B7B-A3F1-AD9F9462A817}.Debug|Any CPU.Build.0 = Debug|Any CPU
		{0C5B52A1-5ED4-4B7B-A3F1-AD9F9462A817}.Release|Any CPU.ActiveCfg = Release|Any CPU
		{0C5B52A1-5ED4-4B7B-A3F1-AD9F9462A817}.Release|Any CPU.Build.0 = Release|Any CPU
		{E038A017-A072-4032-B7AF-11426B464835}.Debug|Any CPU.ActiveCfg = Debug|Any CPU
		{E038A017-A072-4032-B7AF-11426B464835}.Debug|Any CPU.Build.0 = Debug|Any CPU
		{E038A017-A072-4032-B7AF-11426B464835}.Release|Any CPU.ActiveCfg = Release|Any CPU
		{E038A017-A072-4032-B7AF-11426B464835}.Release|Any CPU.Build.0 = Release|Any CPU
		{E9408788-45D3-4ACF-A3D0-1DD748C01E39}.Debug|Any CPU.ActiveCfg = Debug|Any CPU
		{E9408788-45D3-4ACF-A3D0-1DD748C01E39}.Debug|Any CPU.Build.0 = Debug|Any CPU
		{E9408788-45D3-4ACF-A3D0-1DD748C01E39}.Release|Any CPU.ActiveCfg = Release|Any CPU
		{E9408788-45D3-4ACF-A3D0-1DD748C01E39}.Release|Any CPU.Build.0 = Release|Any CPU
		{13DDA12B-9760-4B36-8413-EEB6FC0A5F3F}.Debug|Any CPU.ActiveCfg = Debug|Any CPU
		{13DDA12B-9760-4B36-8413-EEB6FC0A5F3F}.Debug|Any CPU.Build.0 = Debug|Any CPU
		{13DDA12B-9760-4B36-8413-EEB6FC0A5F3F}.Release|Any CPU.ActiveCfg = Release|Any CPU
		{13DDA12B-9760-4B36-8413-EEB6FC0A5F3F}.Release|Any CPU.Build.0 = Release|Any CPU
		{8B875291-5D5C-46AF-9D99-6462B8AFA9F4}.Debug|Any CPU.ActiveCfg = Debug|Any CPU
		{8B875291-5D5C-46AF-9D99-6462B8AFA9F4}.Debug|Any CPU.Build.0 = Debug|Any CPU
		{8B875291-5D5C-46AF-9D99-6462B8AFA9F4}.Release|Any CPU.ActiveCfg = Release|Any CPU
		{8B875291-5D5C-46AF-9D99-6462B8AFA9F4}.Release|Any CPU.Build.0 = Release|Any CPU
		{58FB4F5D-6FBD-4652-916B-80CA5A74176C}.Debug|Any CPU.ActiveCfg = Debug|Any CPU
		{58FB4F5D-6FBD-4652-916B-80CA5A74176C}.Debug|Any CPU.Build.0 = Debug|Any CPU
		{58FB4F5D-6FBD-4652-916B-80CA5A74176C}.Release|Any CPU.ActiveCfg = Release|Any CPU
		{58FB4F5D-6FBD-4652-916B-80CA5A74176C}.Release|Any CPU.Build.0 = Release|Any CPU
		{07B7EC83-E8DF-4CFE-8B0C-0EC6098201EA}.Debug|Any CPU.ActiveCfg = Debug|Any CPU
		{07B7EC83-E8DF-4CFE-8B0C-0EC6098201EA}.Debug|Any CPU.Build.0 = Debug|Any CPU
		{07B7EC83-E8DF-4CFE-8B0C-0EC6098201EA}.Release|Any CPU.ActiveCfg = Release|Any CPU
		{07B7EC83-E8DF-4CFE-8B0C-0EC6098201EA}.Release|Any CPU.Build.0 = Release|Any CPU
		{C5E00F15-3EC2-4163-B411-22CC1519CF84}.Debug|Any CPU.ActiveCfg = Debug|Any CPU
		{C5E00F15-3EC2-4163-B411-22CC1519CF84}.Debug|Any CPU.Build.0 = Debug|Any CPU
		{C5E00F15-3EC2-4163-B411-22CC1519CF84}.Release|Any CPU.ActiveCfg = Release|Any CPU
		{C5E00F15-3EC2-4163-B411-22CC1519CF84}.Release|Any CPU.Build.0 = Release|Any CPU
		{4C290B67-AD20-4610-9AD5-DEE3A3C96599}.Debug|Any CPU.ActiveCfg = Debug|Any CPU
		{4C290B67-AD20-4610-9AD5-DEE3A3C96599}.Debug|Any CPU.Build.0 = Debug|Any CPU
		{4C290B67-AD20-4610-9AD5-DEE3A3C96599}.Release|Any CPU.ActiveCfg = Release|Any CPU
		{4C290B67-AD20-4610-9AD5-DEE3A3C96599}.Release|Any CPU.Build.0 = Release|Any CPU
		{5CF4871F-E580-49C1-979F-7BF472E853B0}.Debug|Any CPU.ActiveCfg = Debug|Any CPU
		{5CF4871F-E580-49C1-979F-7BF472E853B0}.Debug|Any CPU.Build.0 = Debug|Any CPU
		{5CF4871F-E580-49C1-979F-7BF472E853B0}.Release|Any CPU.ActiveCfg = Release|Any CPU
		{5CF4871F-E580-49C1-979F-7BF472E853B0}.Release|Any CPU.Build.0 = Release|Any CPU
		{1B115B83-70AD-4EB6-82C9-E8AF37225ABB}.Debug|Any CPU.ActiveCfg = Debug|Any CPU
		{1B115B83-70AD-4EB6-82C9-E8AF37225ABB}.Debug|Any CPU.Build.0 = Debug|Any CPU
		{1B115B83-70AD-4EB6-82C9-E8AF37225ABB}.Release|Any CPU.ActiveCfg = Release|Any CPU
		{1B115B83-70AD-4EB6-82C9-E8AF37225ABB}.Release|Any CPU.Build.0 = Release|Any CPU
		{A2D4F8AA-CE25-422A-91D3-2C6E3E014A60}.Debug|Any CPU.ActiveCfg = Debug|Any CPU
		{A2D4F8AA-CE25-422A-91D3-2C6E3E014A60}.Debug|Any CPU.Build.0 = Debug|Any CPU
		{A2D4F8AA-CE25-422A-91D3-2C6E3E014A60}.Release|Any CPU.ActiveCfg = Release|Any CPU
		{A2D4F8AA-CE25-422A-91D3-2C6E3E014A60}.Release|Any CPU.Build.0 = Release|Any CPU
		{0A6309BC-547D-4AD7-9B77-282719D9DA9A}.Debug|Any CPU.ActiveCfg = Debug|Any CPU
		{0A6309BC-547D-4AD7-9B77-282719D9DA9A}.Debug|Any CPU.Build.0 = Debug|Any CPU
		{0A6309BC-547D-4AD7-9B77-282719D9DA9A}.Release|Any CPU.ActiveCfg = Release|Any CPU
		{0A6309BC-547D-4AD7-9B77-282719D9DA9A}.Release|Any CPU.Build.0 = Release|Any CPU
	EndGlobalSection
EndGlobal
